
Microsoft Visual Studio Solution File, Format Version 12.00
Project("{FAE04EC0-301F-11D3-BF4B-00C04F79EFBC}") = "Argon2id", "Argon2id\Argon2id.csproj", "{8B578094-4202-4492-8A00-8F5A49F6FA16}"
EndProject
Project("{2150E333-8FDC-42A3-9474-1A3956D46DE8}") = "Argon2", "Argon2", "{DB22BC6E-D8F5-40BA-88ED-2309993A8B1B}"
EndProject
Project("{FAE04EC0-301F-11D3-BF4B-00C04F79EFBC}") = "SodiumLibrary", "SodiumLibrary\SodiumLibrary.csproj", "{FDEED5E8-6122-4460-9363-D2E38DFCF73E}"
EndProject
Global
	GlobalSection(SolutionConfigurationPlatforms) = preSolution
		Debug|Any CPU = Debug|Any CPU
		Release|Any CPU = Release|Any CPU
	EndGlobalSection
	GlobalSection(ProjectConfigurationPlatforms) = postSolution
		{8B578094-4202-4492-8A00-8F5A49F6FA16}.Debug|Any CPU.ActiveCfg = Debug|Any CPU
		{8B578094-4202-4492-8A00-8F5A49F6FA16}.Debug|Any CPU.Build.0 = Debug|Any CPU
		{8B578094-4202-4492-8A00-8F5A49F6FA16}.Release|Any CPU.ActiveCfg = Release|Any CPU
		{8B578094-4202-4492-8A00-8F5A49F6FA16}.Release|Any CPU.Build.0 = Release|Any CPU
		{FDEED5E8-6122-4460-9363-D2E38DFCF73E}.Debug|Any CPU.ActiveCfg = Debug|Any CPU
		{FDEED5E8-6122-4460-9363-D2E38DFCF73E}.Debug|Any CPU.Build.0 = Debug|Any CPU
		{FDEED5E8-6122-4460-9363-D2E38DFCF73E}.Release|Any CPU.ActiveCfg = Release|Any CPU
		{FDEED5E8-6122-4460-9363-D2E38DFCF73E}.Release|Any CPU.Build.0 = Release|Any CPU
	EndGlobalSection
	GlobalSection(NestedProjects) = preSolution
		{8B578094-4202-4492-8A00-8F5A49F6FA16} = {DB22BC6E-D8F5-40BA-88ED-2309993A8B1B}
		{FDEED5E8-6122-4460-9363-D2E38DFCF73E} = {DB22BC6E-D8F5-40BA-88ED-2309993A8B1B}
	EndGlobalSection
EndGlobal
